<?xml version="1.0" encoding="UTF-8" standalone="yes" ?>
<CodeBlocks_project_file>
	<FileVersion major="1" minor="6" />
	<Project>
		<Option title="Cartman_SDL" />
		<Option pch_mode="2" />
		<Option compiler="gcc" />
		<Build>
			<Target title="Debug blah_nix">
				<Option platforms="Unix;" />
				<Option output="bin\Cartman_SDL" prefix_auto="1" extension_auto="1" />
				<Option object_output="obj\Debug_nix\" />
				<Option type="1" />
				<Option compiler="gcc" />
				<Compiler>
					<Add option="-Wall" />
					<Add option="-g" />
					<Add option="-O0" />
					<Add option="-D_DEBUG" />
				</Compiler>
			</Target>
			<Target title="Release blah_nix">
				<Option platforms="Unix;" />
				<Option output="bin\Cartman_SDL" prefix_auto="1" extension_auto="1" />
				<Option object_output="obj\Release_nix\" />
				<Option type="1" />
				<Option compiler="gcc" />
				<Compiler>
					<Add option="-O2" />
					<Add option="-DNDEBUG" />
				</Compiler>
				<Linker>
					<Add option="-s" />
				</Linker>
			</Target>
			<Target title="Debug Win32-gcc">
				<Option platforms="Windows;" />
				<Option output="bin\Cartman_SDL" prefix_auto="1" extension_auto="1" />
				<Option object_output="obj\Debug_win32_gcc\" />
				<Option type="1" />
				<Option compiler="gcc" />
				<Compiler>
					<Add option="-Wall" />
					<Add option="-g" />
					<Add option="-O0" />
					<Add option="-D_DEBUG" />
					<Add option="-DWIN32" />
					<Add option="-D_WINDOWS" />
					<Add directory="C:\SDKs\SDL\include" />
					<Add directory="C:\SDKs\SDL_image" />
					<Add directory="C:\SDKs\SDL_ttf" />
				</Compiler>
				<Linker>
					<Add option="-pg" />
					<Add library="SDLmain" />
					<Add library="SDL" />
					<Add library="SDL_image" />
					<Add library="SDL_ttf" />
					<Add library="SDL_mixer" />
					<Add library="shlwapi" />
					<Add library="Winmm" />
					<Add directory="C:\SDKs\SDL\lib" />
					<Add directory="C:\SDKs\SDL_image\lib" />
					<Add directory="C:\SDKs\SDL_ttf\lib" />
				</Linker>
			</Target>
			<Target title="Release Win32-gcc">
				<Option platforms="Windows;" />
				<Option output="bin\Cartman_SDL" prefix_auto="1" extension_auto="1" />
				<Option object_output="obj\Release_win32_gcc\" />
				<Option type="1" />
				<Option compiler="gcc" />
				<Compiler>
					<Add option="-O2" />
					<Add option="-DNDEBUG" />
					<Add option="-DWIN32" />
					<Add option="-D_WINDOWS" />
					<Add directory="C:\SDKs\SDL\include" />
					<Add directory="C:\SDKs\SDL_image" />
					<Add directory="C:\SDKs\SDL_ttf" />
				</Compiler>
				<Linker>
					<Add option="-s" />
					<Add option="-pg" />
					<Add library="SDLmain" />
					<Add library="SDL" />
					<Add library="SDL_image" />
					<Add library="SDL_ttf" />
					<Add library="SDL_mixer" />
					<Add library="shlwapi" />
					<Add library="Winmm" />
					<Add directory="C:\SDKs\SDL\lib" />
					<Add directory="C:\SDKs\SDL_image\lib" />
					<Add directory="C:\SDKs\SDL_ttf\lib" />
				</Linker>
			</Target>
		</Build>
		<Compiler>
			<Add option="-D_CONSOLE" />
			<Add option="-DMT" />
			<Add directory="\usr\include" />
			<Add directory="\usr\include\SDL" />
			<Add directory="\include\SDL" />
		</Compiler>
		<Linker>
			<Add option="-pg" />
			<Add library="libSDLmain" />
			<Add library="libSDL" />
			<Add library="libSDL_ttf" />
			<Add library="libSDL_image" />
			<Add directory="\usr\lib" />
		</Linker>
		<Unit filename="Font.c">
			<Option compilerVar="CC" />
		</Unit>
		<Unit filename="Font.h" />
		<Unit filename="Log.c">
			<Option compilerVar="CC" />
		</Unit>
		<Unit filename="Log.h" />
		<Unit filename="SDL_GetPixel.c">
			<Option compilerVar="CC" />
		</Unit>
		<Unit filename="SDL_Pixel.h" />
		<Unit filename="SDL_PutPixel.c">
			<Option compilerVar="CC" />
		</Unit>
		<Unit filename="SDL_extensions.c">
			<Option compilerVar="CC" />
		</Unit>
		<Unit filename="SDL_extensions.h" />
		<Unit filename="anim.pcx" />
		<Unit filename="backdrop.pcx" />
		<Unit filename="bestpal.pcx" />
		<Unit filename="cartman.c">
			<Option compilerVar="CC" />
		</Unit>
		<Unit filename="configfile.c">
			<Option compilerVar="CC" />
		</Unit>
		<Unit filename="configfile.h" />
		<Unit filename="damage.pcx" />
		<Unit filename="drawref.pcx" />
		<Unit filename="egoboo_config.h" />
		<Unit filename="egoboo_endian.c">
			<Option compilerVar="CC" />
		</Unit>
		<Unit filename="egoboo_endian.h" />
		<Unit filename="egoboo_setup.c">
			<Option compilerVar="CC" />
		</Unit>
		<Unit filename="egoboo_setup.h" />
		<Unit filename="egoboo_strutil.c">
			<Option compilerVar="CC" />
		</Unit>
		<Unit filename="egoboo_strutil.h" />
		<Unit filename="egoboo_typedef.h" />
		<Unit filename="impass.pcx" />
		<Unit filename="point.pcx" />
		<Unit filename="pointon.pcx" />
		<Unit filename="ref.pcx" />
		<Unit filename="slippy.pcx" />
		<Unit filename="slit.pcx" />
		<Unit filename="standard.c">
			<Option compilerVar="CC" />
			<Option compile="0" />
			<Option link="0" />
			<Option target="&lt;{~None~}&gt;" />
		</Unit>
		<Unit filename="water.pcx" />
		<Unit filename="window.pcx" />
		<Extensions>
			<envvars />
			<code_completion />
			<lib_finder disable_auto="1" />
			<debugger>
				<remote_debugging target="Debug blah_nix">
					<options conn_type="0" serial_baud="115200" additional_cmds_before="~/egoboo advent" />
				</remote_debugging>
			</debugger>
		</Extensions>
	</Project>
</CodeBlocks_project_file>
